{
  "name": "egreig-vistnes.no",
  "lockfileVersion": 3,
  "requires": true,
  "packages": {
    "": {
      "devDependencies": {
        "baseline-browser-mapping": "^2.11.4"
      }
    },
    "node_modules/baseline-browser-mapping": {
      "version": "2.11.4",
      "resolved": "https://registry.npmjs.org/baseline-browser-mapping/-/baseline-browser-mapping-2.11.4.tgz",
      "integrity": "sha512-s4+sLr9mZ/CyqeRritFeYV/Zx73OAtmaHn6kkBS1XRoJn1hrg3xIDUcpicAEX68tkcIN0iBCgti31C8zxtkhsQ==",
      "dev": true,
      "license": "Apache-2.0",
      "bin": {
        "baseline-browser-mapping": "dist/cli.cjs"
      },
      "engines": {
        "node": ">=6.0.0"
      }
    }
  }
}
